
Microsoft Visual Studio Solution File, Format Version 12.00
# Visual Studio Version 16
VisualStudioVersion = 16.0.31313.79
MinimumVisualStudioVersion = 10.0.40219.1
Project("{FAE04EC0-301F-11D3-BF4B-00C04F79EFBC}") = "Demos.UWP", "Demos.UWP\Demos.UWP.csproj", "{4E6DBB33-A6E7-4AED-929B-EF142ABF2238}"
EndProject
Project("{FAE04EC0-301F-11D3-BF4B-00C04F79EFBC}") = "Demos.Android", "Demos.Android\Demos.Android.csproj", "{8240EC81-27D7-40CF-A9D8-141BE2DDE976}"
EndProject
Project("{FAE04EC0-301F-11D3-BF4B-00C04F79EFBC}") = "Demos.iOS", "Demos.iOS\Demos.iOS.csproj", "{B22A1834-7D44-4C24-AAB2-3DA6D50A65DA}"
EndProject
Project("{FAE04EC0-301F-11D3-BF4B-00C04F79EFBC}") = "Demos", "Demos\Demos.csproj", "{9ADDC935-CDE2-4863-8539-85EDC3E496A1}"
EndProject
Global
	GlobalSection(SolutionConfigurationPlatforms) = preSolution
		Debug|Any CPU = Debug|Any CPU
		Debug|ARM = Debug|ARM
		Debug|iPhone = Debug|iPhone
		Debug|iPhoneSimulator = Debug|iPhoneSimulator
		Debug|x64 = Debug|x64
		Debug|x86 = Debug|x86
		Release|Any CPU = Release|Any CPU
		Release|ARM = Release|ARM
		Release|iPhone = Release|iPhone
		Release|iPhoneSimulator = Release|iPhoneSimulator
		Release|x64 = Release|x64
		Release|x86 = Release|x86
	EndGlobalSection
	GlobalSection(ProjectConfigurationPlatforms) = postSolution
		{4E6DBB33-A6E7-4AED-929B-EF142ABF2238}.Debug|Any CPU.ActiveCfg = Debug|x86
		{4E6DBB33-A6E7-4AED-929B-EF142ABF2238}.Debug|Any CPU.Build.0 = Debug|x86
		{4E6DBB33-A6E7-4AED-929B-EF142ABF2238}.Debug|Any CPU.Deploy.0 = Debug|x86
		{4E6DBB33-A6E7-4AED-929B-EF142ABF2238}.Debug|ARM.ActiveCfg = Debug|ARM
		{4E6DBB33-A6E7-4AED-929B-EF142ABF2238}.Debug|ARM.Build.0 = Debug|ARM
		{4E6DBB33-A6E7-4AED-929B-EF142ABF2238}.Debug|ARM.Deploy.0 = Debug|ARM
		{4E6DBB33-A6E7-4AED-929B-EF142ABF2238}.Debug|iPhone.ActiveCfg = Debug|x86
		{4E6DBB33-A6E7-4AED-929B-EF142ABF2238}.Debug|iPhone.Build.0 = Debug|x86
		{4E6DBB33-A6E7-4AED-929B-EF142ABF2238}.Debug|iPhone.Deploy.0 = Debug|x86
		{4E6DBB33-A6E7-4AED-929B-EF142ABF2238}.Debug|iPhoneSimulator.ActiveCfg = Debug|x86
		{4E6DBB33-A6E7-4AED-929B-EF142ABF2238}.Debug|iPhoneSimulator.Build.0 = Debug|x86
		{4E6DBB33-A6E7-4AED-929B-EF142ABF2238}.Debug|iPhoneSimulator.Deploy.0 = Debug|x86
		{4E6DBB33-A6E7-4AED-929B-EF142ABF2238}.Debug|x64.ActiveCfg = Debug|x64
		{4E6DBB33-A6E7-4AED-929B-EF142ABF2238}.Debug|x64.Build.0 = Debug|x64
		{4E6DBB33-A6E7-4AED-929B-EF142ABF2238}.Debug|x64.Deploy.0 = Debug|x64
		{4E6DBB33-A6E7-4AED-929B-EF142ABF2238}.Debug|x86.ActiveCfg = Debug|x86
		{4E6DBB33-A6E7-4AED-929B-EF142ABF2238}.Debug|x86.Build.0 = Debug|x86
		{4E6DBB33-A6E7-4AED-929B-EF142ABF2238}.Debug|x86.Deploy.0 = Debug|x86
		{4E6DBB33-A6E7-4AED-929B-EF142ABF2238}.Release|Any CPU.ActiveCfg = Release|x86
		{4E6DBB33-A6E7-4AED-929B-EF142ABF2238}.Release|Any CPU.Build.0 = Release|x86
		{4E6DBB33-A6E7-4AED-929B-EF142ABF2238}.Release|Any CPU.Deploy.0 = Release|x86
		{4E6DBB33-A6E7-4AED-929B-EF142ABF2238}.Release|ARM.ActiveCfg = Release|ARM
		{4E6DBB33-A6E7-4AED-929B-EF142ABF2238}.Release|ARM.Build.0 = Release|ARM
		{4E6DBB33-A6E7-4AED-929B-EF142ABF2238}.Release|ARM.Deploy.0 = Release|ARM
		{4E6DBB33-A6E7-4AED-929B-EF142ABF2238}.Release|iPhone.ActiveCfg = Release|x86
		{4E6DBB33-A6E7-4AED-929B-EF142ABF2238}.Release|iPhone.Build.0 = Release|x86
		{4E6DBB33-A6E7-4AED-929B-EF142ABF2238}.Release|iPhone.Deploy.0 = Release|x86
		{4E6DBB33-A6E7-4AED-929B-EF142ABF2238}.Release|iPhoneSimulator.ActiveCfg = Release|x86
		{4E6DBB33-A6E7-4AED-929B-EF142ABF2238}.Release|iPhoneSimulator.Build.0 = Release|x86
		{4E6DBB33-A6E7-4AED-929B-EF142ABF2238}.Release|iPhoneSimulator.Deploy.0 = Release|x86
		{4E6DBB33-A6E7-4AED-929B-EF142ABF2238}.Release|x64.ActiveCfg = Release|x64
		{4E6DBB33-A6E7-4AED-929B-EF142ABF2238}.Release|x64.Build.0 = Release|x64
		{4E6DBB33-A6E7-4AED-929B-EF142ABF2238}.Release|x64.Deploy.0 = Release|x64
		{4E6DBB33-A6E7-4AED-929B-EF142ABF2238}.Release|x86.ActiveCfg = Release|x86
		{4E6DBB33-A6E7-4AED-929B-EF142ABF2238}.Release|x86.Build.0 = Release|x86
		{4E6DBB33-A6E7-4AED-929B-EF142ABF2238}.Release|x86.Deploy.0 = Release|x86
		{8240EC81-27D7-40CF-A9D8-141BE2DDE976}.Debug|Any CPU.ActiveCfg = Debug|Any CPU
		{8240EC81-27D7-40CF-A9D8-141BE2DDE976}.Debug|Any CPU.Build.0 = Debug|Any CPU
		{8240EC81-27D7-40CF-A9D8-141BE2DDE976}.Debug|Any CPU.Deploy.0 = Debug|Any CPU
		{8240EC81-27D7-40CF-A9D8-141BE2DDE976}.Debug|ARM.ActiveCfg = Debug|Any CPU
		{8240EC81-27D7-40CF-A9D8-141BE2DDE976}.Debug|ARM.Build.0 = Debug|Any CPU
		{8240EC81-27D7-40CF-A9D8-141BE2DDE976}.Debug|ARM.Deploy.0 = Debug|Any CPU
		{8240EC81-27D7-40CF-A9D8-141BE2DDE976}.Debug|iPhone.ActiveCfg = Debug|Any CPU
		{8240EC81-27D7-40CF-A9D8-141BE2DDE976}.Debug|iPhone.Build.0 = Debug|Any CPU
		{8240EC81-27D7-40CF-A9D8-141BE2DDE976}.Debug|iPhone.Deploy.0 = Debug|Any CPU
		{8240EC81-27D7-40CF-A9D8-141BE2DDE976}.Debug|iPhoneSimulator.ActiveCfg = Debug|Any CPU
		{8240EC81-27D7-40CF-A9D8-141BE2DDE976}.Debug|iPhoneSimulator.Build.0 = Debug|Any CPU
		{8240EC81-27D7-40CF-A9D8-141BE2DDE976}.Debug|iPhoneSimulator.Deploy.0 = Debug|Any CPU
		{8240EC81-27D7-40CF-A9D8-141BE2DDE976}.Debug|x64.ActiveCfg = Debug|Any CPU
		{8240EC81-27D7-40CF-A9D8-141BE2DDE976}.Debug|x64.Build.0 = Debug|Any CPU
		{8240EC81-27D7-40CF-A9D8-141BE2DDE976}.Debug|x64.Deploy.0 = Debug|Any CPU
		{8240EC81-27D7-40CF-A9D8-141BE2DDE976}.Debug|x86.ActiveCfg = Debug|Any CPU
		{8240EC81-27D7-40CF-A9D8-141BE2DDE976}.Debug|x86.Build.0 = Debug|Any CPU
		{8240EC81-27D7-40CF-A9D8-141BE2DDE976}.Debug|x86.Deploy.0 = Debug|Any CPU
		{8240EC81-27D7-40CF-A9D8-141BE2DDE976}.Release|Any CPU.ActiveCfg = Release|Any CPU
		{8240EC81-27D7-40CF-A9D8-141BE2DDE976}.Release|Any CPU.Build.0 = Release|Any CPU
		{8240EC81-27D7-40CF-A9D8-141BE2DDE976}.Release|Any CPU.Deploy.0 = Release|Any CPU
		{8240EC81-27D7-40CF-A9D8-141BE2DDE976}.Release|ARM.ActiveCfg = Release|Any CPU
		{8240EC81-27D7-40CF-A9D8-141BE2DDE976}.Release|ARM.Build.0 = Release|Any CPU
		{8240EC81-27D7-40CF-A9D8-141BE2DDE976}.Release|ARM.Deploy.0 = Release|Any CPU
		{8240EC81-27D7-40CF-A9D8-141BE2DDE976}.Release|iPhone.ActiveCfg = Release|Any CPU
		{8240EC81-27D7-40CF-A9D8-141BE2DDE976}.Release|iPhone.Build.0 = Release|Any CPU
		{8240EC81-27D7-40CF-A9D8-141BE2DDE976}.Release|iPhone.Deploy.0 = Release|Any CPU
		{8240EC81-27D7-40CF-A9D8-141BE2DDE976}.Release|iPhoneSimulator.ActiveCfg = Release|Any CPU
		{8240EC81-27D7-40CF-A9D8-141BE2DDE976}.Release|iPhoneSimulator.Build.0 = Release|Any CPU
		{8240EC81-27D7-40CF-A9D8-141BE2DDE976}.Release|iPhoneSimulator.Deploy.0 = Release|Any CPU
		{8240EC81-27D7-40CF-A9D8-141BE2DDE976}.Release|x64.ActiveCfg = Release|Any CPU
		{8240EC81-27D7-40CF-A9D8-141BE2DDE976}.Release|x64.Build.0 = Release|Any CPU
		{8240EC81-27D7-40CF-A9D8-141BE2DDE976}.Release|x64.Deploy.0 = Release|Any CPU
		{8240EC81-27D7-40CF-A9D8-141BE2DDE976}.Release|x86.ActiveCfg = Release|Any CPU
		{8240EC81-27D7-40CF-A9D8-141BE2DDE976}.Release|x86.Build.0 = Release|Any CPU
		{8240EC81-27D7-40CF-A9D8-141BE2DDE976}.Release|x86.Deploy.0 = Release|Any CPU
		{B22A1834-7D44-4C24-AAB2-3DA6D50A65DA}.Debug|Any CPU.ActiveCfg = Debug|iPhoneSimulator
		{B22A1834-7D44-4C24-AAB2-3DA6D50A65DA}.Debug|Any CPU.Build.0 = Debug|iPhoneSimulator
		{B22A1834-7D44-4C24-AAB2-3DA6D50A65DA}.Debug|Any CPU.Deploy.0 = Debug|iPhoneSimulator
		{B22A1834-7D44-4C24-AAB2-3DA6D50A65DA}.Debug|ARM.ActiveCfg = Debug|iPhone
		{B22A1834-7D44-4C24-AAB2-3DA6D50A65DA}.Debug|ARM.Build.0 = Debug|iPhone
		{B22A1834-7D44-4C24-AAB2-3DA6D50A65DA}.Debug|ARM.Deploy.0 = Debug|iPhone
		{B22A1834-7D44-4C24-AAB2-3DA6D50A65DA}.Debug|iPhone.ActiveCfg = Debug|iPhone
		{B22A1834-7D44-4C24-AAB2-3DA6D50A65DA}.Debug|iPhone.Build.0 = Debug|iPhone
		{B22A1834-7D44-4C24-AAB2-3DA6D50A65DA}.Debug|iPhone.Deploy.0 = Debug|iPhone
		{B22A1834-7D44-4C24-AAB2-3DA6D50A65DA}.Debug|iPhoneSimulator.ActiveCfg = Debug|iPhoneSimulator
		{B22A1834-7D44-4C24-AAB2-3DA6D50A65DA}.Debug|iPhoneSimulator.Build.0 = Debug|iPhoneSimulator
		{B22A1834-7D44-4C24-AAB2-3DA6D50A65DA}.Debug|iPhoneSimulator.Deploy.0 = Debug|iPhoneSimulator
		{B22A1834-7D44-4C24-AAB2-3DA6D50A65DA}.Debug|x64.ActiveCfg = Debug|iPhoneSimulator
		{B22A1834-7D44-4C24-AAB2-3DA6D50A65DA}.Debug|x64.Build.0 = Debug|iPhoneSimulator
		{B22A1834-7D44-4C24-AAB2-3DA6D50A65DA}.Debug|x64.Deploy.0 = Debug|iPhoneSimulator
		{B22A1834-7D44-4C24-AAB2-3DA6D50A65DA}.Debug|x86.ActiveCfg = Debug|iPhoneSimulator
		{B22A1834-7D44-4C24-AAB2-3DA6D50A65DA}.Debug|x86.Build.0 = Debug|iPhoneSimulator
		{B22A1834-7D44-4C24-AAB2-3DA6D50A65DA}.Debug|x86.Deploy.0 = Debug|iPhoneSimulator
		{B22A1834-7D44-4C24-AAB2-3DA6D50A65DA}.Release|Any CPU.ActiveCfg = Release|iPhoneSimulator
		{B22A1834-7D44-4C24-AAB2-3DA6D50A65DA}.Release|Any CPU.Build.0 = Release|iPhoneSimulator
		{B22A1834-7D44-4C24-AAB2-3DA6D50A65DA}.Release|Any CPU.Deploy.0 = Release|iPhoneSimulator
		{B22A1834-7D44-4C24-AAB2-3DA6D50A65DA}.Release|ARM.ActiveCfg = Release|iPhoneSimulator
		{B22A1834-7D44-4C24-AAB2-3DA6D50A65DA}.Release|ARM.Build.0 = Release|iPhoneSimulator
		{B22A1834-7D44-4C24-AAB2-3DA6D50A65DA}.Release|ARM.Deploy.0 = Release|iPhoneSimulator
		{B22A1834-7D44-4C24-AAB2-3DA6D50A65DA}.Release|iPhone.ActiveCfg = Release|iPhone
		{B22A1834-7D44-4C24-AAB2-3DA6D50A65DA}.Release|iPhone.Build.0 = Release|iPhone
		{B22A1834-7D44-4C24-AAB2-3DA6D50A65DA}.Release|iPhone.Deploy.0 = Release|iPhone
		{B22A1834-7D44-4C24-AAB2-3DA6D50A65DA}.Release|iPhoneSimulator.ActiveCfg = Release|iPhoneSimulator
		{B22A1834-7D44-4C24-AAB2-3DA6D50A65DA}.Release|iPhoneSimulator.Build.0 = Release|iPhoneSimulator
		{B22A1834-7D44-4C24-AAB2-3DA6D50A65DA}.Release|iPhoneSimulator.Deploy.0 = Release|iPhoneSimulator
		{B22A1834-7D44-4C24-AAB2-3DA6D50A65DA}.Release|x64.ActiveCfg = Release|iPhoneSimulator
		{B22A1834-7D44-4C24-AAB2-3DA6D50A65DA}.Release|x64.Build.0 = Release|iPhoneSimulator
		{B22A1834-7D44-4C24-AAB2-3DA6D50A65DA}.Release|x64.Deploy.0 = Release|iPhoneSimulator
		{B22A1834-7D44-4C24-AAB2-3DA6D50A65DA}.Release|x86.ActiveCfg = Release|iPhoneSimulator
		{B22A1834-7D44-4C24-AAB2-3DA6D50A65DA}.Release|x86.Build.0 = Release|iPhoneSimulator
		{B22A1834-7D44-4C24-AAB2-3DA6D50A65DA}.Release|x86.Deploy.0 = Release|iPhoneSimulator
		{9ADDC935-CDE2-4863-8539-85EDC3E496A1}.Debug|Any CPU.ActiveCfg = Debug|Any CPU
		{9ADDC935-CDE2-4863-8539-85EDC3E496A1}.Debug|Any CPU.Build.0 = Debug|Any CPU
		{9ADDC935-CDE2-4863-8539-85EDC3E496A1}.Debug|Any CPU.Deploy.0 = Debug|Any CPU
		{9ADDC935-CDE2-4863-8539-85EDC3E496A1}.Debug|ARM.ActiveCfg = Debug|Any CPU
		{9ADDC935-CDE2-4863-8539-85EDC3E496A1}.Debug|ARM.Build.0 = Debug|Any CPU
		{9ADDC935-CDE2-4863-8539-85EDC3E496A1}.Debug|ARM.Deploy.0 = Debug|Any CPU
		{9ADDC935-CDE2-4863-8539-85EDC3E496A1}.Debug|iPhone.ActiveCfg = Debug|Any CPU
		{9ADDC935-CDE2-4863-8539-85EDC3E496A1}.Debug|iPhone.Build.0 = Debug|Any CPU
		{9ADDC935-CDE2-4863-8539-85EDC3E496A1}.Debug|iPhone.Deploy.0 = Debug|Any CPU
		{9ADDC935-CDE2-4863-8539-85EDC3E496A1}.Debug|iPhoneSimulator.ActiveCfg = Debug|Any CPU
		{9ADDC935-CDE2-4863-8539-85EDC3E496A1}.Debug|iPhoneSimulator.Build.0 = Debug|Any CPU
		{9ADDC935-CDE2-4863-8539-85EDC3E496A1}.Debug|iPhoneSimulator.Deploy.0 = Debug|Any CPU
		{9ADDC935-CDE2-4863-8539-85EDC3E496A1}.Debug|x64.ActiveCfg = Debug|Any CPU
		{9ADDC935-CDE2-4863-8539-85EDC3E496A1}.Debug|x64.Build.0 = Debug|Any CPU
		{9ADDC935-CDE2-4863-8539-85EDC3E496A1}.Debug|x64.Deploy.0 = Debug|Any CPU
		{9ADDC935-CDE2-4863-8539-85EDC3E496A1}.Debug|x86.ActiveCfg = Debug|Any CPU
		{9ADDC935-CDE2-4863-8539-85EDC3E496A1}.Debug|x86.Build.0 = Debug|Any CPU
		{9ADDC935-CDE2-4863-8539-85EDC3E496A1}.Debug|x86.Deploy.0 = Debug|Any CPU
		{9ADDC935-CDE2-4863-8539-85EDC3E496A1}.Release|Any CPU.ActiveCfg = Release|Any CPU
		{9ADDC935-CDE2-4863-8539-85EDC3E496A1}.Release|Any CPU.Build.0 = Release|Any CPU
		{9ADDC935-CDE2-4863-8539-85EDC3E496A1}.Release|Any CPU.Deploy.0 = Release|Any CPU
		{9ADDC935-CDE2-4863-8539-85EDC3E496A1}.Release|ARM.ActiveCfg = Release|Any CPU
		{9ADDC935-CDE2-4863-8539-85EDC3E496A1}.Release|ARM.Build.0 = Release|Any CPU
		{9ADDC935-CDE2-4863-8539-85EDC3E496A1}.Release|ARM.Deploy.0 = Release|Any CPU
		{9ADDC935-CDE2-4863-8539-85EDC3E496A1}.Release|iPhone.ActiveCfg = Release|Any CPU
		{9ADDC935-CDE2-4863-8539-85EDC3E496A1}.Release|iPhone.Build.0 = Release|Any CPU
		{9ADDC935-CDE2-4863-8539-85EDC3E496A1}.Release|iPhone.Deploy.0 = Release|Any CPU
		{9ADDC935-CDE2-4863-8539-85EDC3E496A1}.Release|iPhoneSimulator.ActiveCfg = Release|Any CPU
		{9ADDC935-CDE2-4863-8539-85EDC3E496A1}.Release|iPhoneSimulator.Build.0 = Release|Any CPU
		{9ADDC935-CDE2-4863-8539-85EDC3E496A1}.Release|iPhoneSimulator.Deploy.0 = Release|Any CPU
		{9ADDC935-CDE2-4863-8539-85EDC3E496A1}.Release|x64.ActiveCfg = Release|Any CPU
		{9ADDC935-CDE2-4863-8539-85EDC3E496A1}.Release|x64.Build.0 = Release|Any CPU
		{9ADDC935-CDE2-4863-8539-85EDC3E496A1}.Release|x64.Deploy.0 = Release|Any CPU
		{9ADDC935-CDE2-4863-8539-85EDC3E496A1}.Release|x86.ActiveCfg = Release|Any CPU
		{9ADDC935-CDE2-4863-8539-85EDC3E496A1}.Release|x86.Build.0 = Release|Any CPU
		{9ADDC935-CDE2-4863-8539-85EDC3E496A1}.Release|x86.Deploy.0 = Release|Any CPU
	EndGlobalSection
	GlobalSection(SolutionProperties) = preSolution
		HideSolutionNode = FALSE
	EndGlobalSection
	GlobalSection(ExtensibilityGlobals) = postSolution
		SolutionGuid = {0BB6E548-29D5-43D4-B8FE-2AC34555A0D1}
	EndGlobalSection
EndGlobal
